version = 1
revision = 3
requires-python = ">=3.13"

[[package]]
name = "boto3"
version = "1.42.84"
source = { registry = "https://pypi.org/simple" }
dependencies = [
    { name = "botocore" },
    { name = "jmespath" },
    { name = "s3transfer" },
]
sdist = { url = "https://files.pythonhosted.org/packages/88/89/2d647bd717da55a8cc68602b197f53a5fa36fb95a2f9e76c4aff11a9cfd1/boto3-1.42.84.tar.gz", hash = "sha256:6a84b3293a5d8b3adf827a54588e7dcffcf0a85410d7dadca615544f97d27579", size = 112816, upload-time = "2026-04-06T19:39:07.585Z" }
wheels = [
    { url = "https://files.pythonhosted.org/packages/2d/31/cdf4326841613d1d181a77b3038a988800fb3373ca50de1639fba9fa87de/boto3-1.42.84-py3-none-any.whl", hash = "sha256:4d03ad3211832484037337292586f71f48707141288d9ac23049c04204f4ab03", size = 140555, upload-time = "2026-04-06T19:39:06.009Z" },
]

[[package]]
name = "boto3-stubs"
version = "1.42.84"
source = { registry = "https://pypi.org/simple" }
dependencies = [
    { name = "botocore-stubs" },
    { name = "types-s3transfer" },
]
sdist = { url = "https://files.pythonhosted.org/packages/97/7a/5c7cd6b60345592319ea2db2ee4147ff7b2b25456ffd2cf05e29c293cb9e/boto3_stubs-1.42.84.tar.gz", hash = "sha256:c517c254e1d8f00af24f7df55c8b1061d1142405c5ac07e426ee2b5b709f3362", size = 102186, upload-time = "2026-04-06T20:07:17.77Z" }
wheels = [
    { url = "https://files.pythonhosted.org/packages/27/af/90281a0333536548d9cb2d452116ae27e2e16a26096fcc999666e172f6e5/boto3_stubs-1.42.84-py3-none-any.whl", hash = "sha256:73c3f47fc18e27dfe6f17c1c4d3ee48ab6f926d1b7029d15e6771c8255a6f278", size = 70448, upload-time = "2026-04-06T20:07:15.265Z" },
]

[package.optional-dependencies]
bedrock-agentcore = [
    { name = "mypy-boto3-bedrock-agentcore" },
]

[[package]]
name = "botocore"
version = "1.42.84"
source = { registry = "https://pypi.org/simple" }
dependencies = [
    { name = "jmespath" },
    { name = "python-dateutil" },
    { name = "urllib3" },
]
sdist = { url = "https://files.pythonhosted.org/packages/b4/b7/1c03423843fb0d1795b686511c00ee63fed1234c2400f469aeedfd42212f/botocore-1.42.84.tar.gz", hash = "sha256:234064604c80d9272a5e9f6b3566d260bcaa053a5e05246db90d7eca1c2cf44b", size = 15148615, upload-time = "2026-04-06T19:38:56.673Z" }
wheels = [
    { url = "https://files.pythonhosted.org/packages/e3/37/0c0c90361c8a1b9e6c75222ca24ae12996a298c0e18822a72ab229c37207/botocore-1.42.84-py3-none-any.whl", hash = "sha256:15f3fe07dfa6545e46a60c4b049fe2bdf63803c595ae4a4eec90e8f8172764f3", size = 14827061, upload-time = "2026-04-06T19:38:53.613Z" },
]

[[package]]
name = "botocore-stubs"
version = "1.42.41"
source = { registry = "https://pypi.org/simple" }
dependencies = [
    { name = "types-awscrt" },
]
sdist = { url = "https://files.pythonhosted.org/packages/0c/a8/a26608ff39e3a5866c6c79eda10133490205cbddd45074190becece3ff2a/botocore_stubs-1.42.41.tar.gz", hash = "sha256:dbeac2f744df6b814ce83ec3f3777b299a015cbea57a2efc41c33b8c38265825", size = 42411, upload-time = "2026-02-03T20:46:14.479Z" }
wheels = [
    { url = "https://files.pythonhosted.org/packages/32/76/cab7af7f16c0b09347f2ebe7ffda7101132f786acb767666dce43055faab/botocore_stubs-1.42.41-py3-none-any.whl", hash = "sha256:9423110fb0e391834bd2ed44ae5f879d8cb370a444703d966d30842ce2bcb5f0", size = 66759, upload-time = "2026-02-03T20:46:13.02Z" },
]

[[package]]
name = "code-interpreter-basics"
version = "0.1.0"
source = { virtual = "." }
dependencies = [
    { name = "boto3" },
    { name = "boto3-stubs", extra = ["bedrock-agentcore"] },
]

[package.metadata]
requires-dist = [
    { name = "boto3", specifier = ">=1.42.84" },
    { name = "boto3-stubs", extras = ["bedrock-agentcore"], specifier = ">=1.42.84" },
]

[[package]]
name = "jmespath"
version = "1.1.0"
source = { registry = "https://pypi.org/simple" }
sdist = { url = "https://files.pythonhosted.org/packages/d3/59/322338183ecda247fb5d1763a6cbe46eff7222eaeebafd9fa65d4bf5cb11/jmespath-1.1.0.tar.gz", hash = "sha256:472c87d80f36026ae83c6ddd0f1d05d4e510134ed462851fd5f754c8c3cbb88d", size = 27377, upload-time = "2026-01-22T16:35:26.279Z" }
wheels = [
    { url = "https://files.pythonhosted.org/packages/14/2f/967ba146e6d58cf6a652da73885f52fc68001525b4197effc174321d70b4/jmespath-1.1.0-py3-none-any.whl", hash = "sha256:a5663118de4908c91729bea0acadca56526eb2698e83de10cd116ae0f4e97c64", size = 20419, upload-time = "2026-01-22T16:35:24.919Z" },
]

[[package]]
name = "mypy-boto3-bedrock-agentcore"
version = "1.42.81"
source = { registry = "https://pypi.org/simple" }
sdist = { url = "https://files.pythonhosted.org/packages/71/72/ca1e6f5c26bc0759e693b51fb9e3a6aa8b7455a7f2c359d088a2da480159/mypy_boto3_bedrock_agentcore-1.42.81.tar.gz", hash = "sha256:f1775a0af6cf8d8d39c78bad40e0f880c08be0dae1f3c2139c7d9006f13eca4c", size = 32142, upload-time = "2026-04-01T19:52:41.967Z" }
wheels = [
    { url = "https://files.pythonhosted.org/packages/8e/1a/d49b156cf16d3a177f4944e7592b2719370c2f271abe93f9f494f0419e9a/mypy_boto3_bedrock_agentcore-1.42.81-py3-none-any.whl", hash = "sha256:46c1528400145b55ee92e03ccd20f8f810ae35a3b02cd6d1b24702ffd656c854", size = 37480, upload-time = "2026-04-01T19:52:40.993Z" },
]

[[package]]
name = "python-dateutil"
version = "2.9.0.post0"
source = { registry = "https://pypi.org/simple" }
dependencies = [
    { name = "six" },
]
sdist = { url = "https://files.pythonhosted.org/packages/66/c0/0c8b6ad9f17a802ee498c46e004a0eb49bc148f2fd230864601a86dcf6db/python-dateutil-2.9.0.post0.tar.gz", hash = "sha256:37dd54208da7e1cd875388217d5e00ebd4179249f90fb72437e91a35459a0ad3", size = 342432, upload-time = "2024-03-01T18:36:20.211Z" }
wheels = [
    { url = "https://files.pythonhosted.org/packages/ec/57/56b9bcc3c9c6a792fcbaf139543cee77261f3651ca9da0c93f5c1221264b/python_dateutil-2.9.0.post0-py2.py3-none-any.whl", hash = "sha256:a8b2bc7bffae282281c8140a97d3aa9c14da0b136dfe83f850eea9a5f7470427", size = 229892, upload-time = "2024-03-01T18:36:18.57Z" },
]

[[package]]
name = "s3transfer"
version = "0.16.0"
source = { registry = "https://pypi.org/simple" }
dependencies = [
    { name = "botocore" },
]
sdist = { url = "https://files.pythonhosted.org/packages/05/04/74127fc843314818edfa81b5540e26dd537353b123a4edc563109d8f17dd/s3transfer-0.16.0.tar.gz", hash = "sha256:8e990f13268025792229cd52fa10cb7163744bf56e719e0b9cb925ab79abf920", size = 153827, upload-time = "2025-12-01T02:30:59.114Z" }
wheels = [
    { url = "https://files.pythonhosted.org/packages/fc/51/727abb13f44c1fcf6d145979e1535a35794db0f6e450a0cb46aa24732fe2/s3transfer-0.16.0-py3-none-any.whl", hash = "sha256:18e25d66fed509e3868dc1572b3f427ff947dd2c56f844a5bf09481ad3f3b2fe", size = 86830, upload-time = "2025-12-01T02:30:57.729Z" },
]

[[package]]
name = "six"
version = "1.17.0"
source = { registry = "https://pypi.org/simple" }
sdist = { url = "https://files.pythonhosted.org/packages/94/e7/b2c673351809dca68a0e064b6af791aa332cf192da575fd474ed7d6f16a2/six-1.17.0.tar.gz", hash = "sha256:ff70335d468e7eb6ec65b95b99d3a2836546063f63acc5171de367e834932a81", size = 34031, upload-time = "2024-12-04T17:35:28.174Z" }
wheels = [
    { url = "https://files.pythonhosted.org/packages/b7/ce/149a00dd41f10bc29e5921b496af8b574d8413afcd5e30dfa0ed46c2cc5e/six-1.17.0-py2.py3-none-any.whl", hash = "sha256:4721f391ed90541fddacab5acf947aa0d3dc7d27b2e1e8eda2be8970586c3274", size = 11050, upload-time = "2024-12-04T17:35:26.475Z" },
]

[[package]]
name = "types-awscrt"
version = "0.31.3"
source = { registry = "https://pypi.org/simple" }
sdist = { url = "https://files.pythonhosted.org/packages/76/26/0aa563e229c269c528a3b8c709fc671ac2a5c564732fab0852ac6ee006cf/types_awscrt-0.31.3.tar.gz", hash = "sha256:09d3eaf00231e0f47e101bd9867e430873bc57040050e2a3bd8305cb4fc30865", size = 18178, upload-time = "2026-03-08T02:31:14.569Z" }
wheels = [
    { url = "https://files.pythonhosted.org/packages/3e/e5/47a573bbbd0a790f8f9fe452f7188ea72b212d21c9be57d5fc0cbc442075/types_awscrt-0.31.3-py3-none-any.whl", hash = "sha256:e5ce65a00a2ab4f35eacc1e3d700d792338d56e4823ee7b4dbe017f94cfc4458", size = 43340, upload-time = "2026-03-08T02:31:13.38Z" },
]

[[package]]
name = "types-s3transfer"
version = "0.16.0"
source = { registry = "https://pypi.org/simple" }
sdist = { url = "https://files.pythonhosted.org/packages/fe/64/42689150509eb3e6e82b33ee3d89045de1592488842ddf23c56957786d05/types_s3transfer-0.16.0.tar.gz", hash = "sha256:b4636472024c5e2b62278c5b759661efeb52a81851cde5f092f24100b1ecb443", size = 13557, upload-time = "2025-12-08T08:13:09.928Z" }
wheels = [
    { url = "https://files.pythonhosted.org/packages/98/27/e88220fe6274eccd3bdf95d9382918716d312f6f6cef6a46332d1ee2feff/types_s3transfer-0.16.0-py3-none-any.whl", hash = "sha256:1c0cd111ecf6e21437cb410f5cddb631bfb2263b77ad973e79b9c6d0cb24e0ef", size = 19247, upload-time = "2025-12-08T08:13:08.426Z" },
]

[[package]]
name = "urllib3"
version = "2.6.3"
source = { registry = "https://pypi.org/simple" }
sdist = { url = "https://files.pythonhosted.org/packages/c7/24/5f1b3bdffd70275f6661c76461e25f024d5a38a46f04aaca912426a2b1d3/urllib3-2.6.3.tar.gz", hash = "sha256:1b62b6884944a57dbe321509ab94fd4d3b307075e0c2eae991ac71ee15ad38ed", size = 435556, upload-time = "2026-01-07T16:24:43.925Z" }
wheels = [
    { url = "https://files.pythonhosted.org/packages/39/08/aaaad47bc4e9dc8c725e68f9d04865dbcb2052843ff09c97b08904852d84/urllib3-2.6.3-py3-none-any.whl", hash = "sha256:bf272323e553dfb2e87d9bfd225ca7b0f467b919d7bbd355436d3fd37cb0acd4", size = 131584, upload-time = "2026-01-07T16:24:42.685Z" },
]
